
Microsoft Visual Studio Solution File, Format Version 12.00
# Visual Studio Version 17
VisualStudioVersion = 17.0.31903.59
MinimumVisualStudioVersion = 10.0.40219.1
Project("{FAE04EC0-301F-11D3-BF4B-00C04F79EFBC}") = "MeteoStation", "MeteoStation\MeteoStation.csproj", "{806E974A-1E87-4F54-99B5-39F7A1BB2DD8}"
EndProject
Global
	GlobalSection(SolutionConfigurationPlatforms) = preSolution
		Debug|Any CPU = Debug|Any CPU
		Release|Any CPU = Release|Any CPU
	EndGlobalSection
	GlobalSection(ProjectConfigurationPlatforms) = postSolution
		{806E974A-1E87-4F54-99B5-39F7A1BB2DD8}.Debug|Any CPU.ActiveCfg = Debug|Any CPU
		{806E974A-1E87-4F54-99B5-39F7A1BB2DD8}.Debug|Any CPU.Build.0 = Debug|Any CPU
		{806E974A-1E87-4F54-99B5-39F7A1BB2DD8}.Release|Any CPU.ActiveCfg = Release|Any CPU
		{806E974A-1E87-4F54-99B5-39F7A1BB2DD8}.Release|Any CPU.Build.0 = Release|Any CPU
	EndGlobalSection
	GlobalSection(SolutionProperties) = preSolution
		HideSolutionNode = FALSE
	EndGlobalSection
	GlobalSection(ExtensibilityGlobals) = postSolution
		SolutionGuid = {3BDAB831-990A-4052-95C9-6A4FBD28833D}
	EndGlobalSection
EndGlobal
